
Microsoft Visual Studio Solution File, Format Version 12.00
# Visual Studio 15
VisualStudioVersion = 15.0.27703.2042
MinimumVisualStudioVersion = 10.0.40219.1
Project("{FAE04EC0-301F-11D3-BF4B-00C04F79EFBC}") = "Lesson 19", "Lesson 19\Lesson 19.csproj", "{052E427D-7B4E-4BA0-B8AA-8401303F5056}"
EndProject
Global
	GlobalSection(SolutionConfigurationPlatforms) = preSolution
		Debug|Any CPU = Debug|Any CPU
		Release|Any CPU = Release|Any CPU
	EndGlobalSection
	GlobalSection(ProjectConfigurationPlatforms) = postSolution
		{052E427D-7B4E-4BA0-B8AA-8401303F5056}.Debug|Any CPU.ActiveCfg = Debug|Any CPU
		{052E427D-7B4E-4BA0-B8AA-8401303F5056}.Debug|Any CPU.Build.0 = Debug|Any CPU
		{052E427D-7B4E-4BA0-B8AA-8401303F5056}.Release|Any CPU.ActiveCfg = Release|Any CPU
		{052E427D-7B4E-4BA0-B8AA-8401303F5056}.Release|Any CPU.Build.0 = Release|Any CPU
	EndGlobalSection
	GlobalSection(SolutionProperties) = preSolution
		HideSolutionNode = FALSE
	EndGlobalSection
	GlobalSection(ExtensibilityGlobals) = postSolution
		SolutionGuid = {3B064622-25E4-479E-A5CD-40CBA631FB52}
	EndGlobalSection
EndGlobal
