
Microsoft Visual Studio Solution File, Format Version 12.00
# Visual Studio 15
VisualStudioVersion = 15.0.27703.2042
MinimumVisualStudioVersion = 10.0.40219.1
Project("{FAE04EC0-301F-11D3-BF4B-00C04F79EFBC}") = "lesson 24", "lesson 24\lesson 24.csproj", "{602C8616-7AE5-42DC-83A4-F46758735D2F}"
EndProject
Global
	GlobalSection(SolutionConfigurationPlatforms) = preSolution
		Debug|Any CPU = Debug|Any CPU
		Release|Any CPU = Release|Any CPU
	EndGlobalSection
	GlobalSection(ProjectConfigurationPlatforms) = postSolution
		{602C8616-7AE5-42DC-83A4-F46758735D2F}.Debug|Any CPU.ActiveCfg = Debug|Any CPU
		{602C8616-7AE5-42DC-83A4-F46758735D2F}.Debug|Any CPU.Build.0 = Debug|Any CPU
		{602C8616-7AE5-42DC-83A4-F46758735D2F}.Release|Any CPU.ActiveCfg = Release|Any CPU
		{602C8616-7AE5-42DC-83A4-F46758735D2F}.Release|Any CPU.Build.0 = Release|Any CPU
	EndGlobalSection
	GlobalSection(SolutionProperties) = preSolution
		HideSolutionNode = FALSE
	EndGlobalSection
	GlobalSection(ExtensibilityGlobals) = postSolution
		SolutionGuid = {CB5871D6-004D-4440-90BE-7E9A6228EAAC}
	EndGlobalSection
EndGlobal
