
Microsoft Visual Studio Solution File, Format Version 12.00
# Visual Studio 15
VisualStudioVersion = 15.0.27703.2042
MinimumVisualStudioVersion = 10.0.40219.1
Project("{FAE04EC0-301F-11D3-BF4B-00C04F79EFBC}") = "lesson 22", "lesson 22\lesson 22.csproj", "{BE5852D7-01CA-49FF-8300-70FB78F8DCA3}"
EndProject
Global
	GlobalSection(SolutionConfigurationPlatforms) = preSolution
		Debug|Any CPU = Debug|Any CPU
		Release|Any CPU = Release|Any CPU
	EndGlobalSection
	GlobalSection(ProjectConfigurationPlatforms) = postSolution
		{BE5852D7-01CA-49FF-8300-70FB78F8DCA3}.Debug|Any CPU.ActiveCfg = Debug|Any CPU
		{BE5852D7-01CA-49FF-8300-70FB78F8DCA3}.Debug|Any CPU.Build.0 = Debug|Any CPU
		{BE5852D7-01CA-49FF-8300-70FB78F8DCA3}.Release|Any CPU.ActiveCfg = Release|Any CPU
		{BE5852D7-01CA-49FF-8300-70FB78F8DCA3}.Release|Any CPU.Build.0 = Release|Any CPU
	EndGlobalSection
	GlobalSection(SolutionProperties) = preSolution
		HideSolutionNode = FALSE
	EndGlobalSection
	GlobalSection(ExtensibilityGlobals) = postSolution
		SolutionGuid = {00D89B48-6E66-4DD6-BB42-54E61DDFF877}
	EndGlobalSection
EndGlobal
