
Microsoft Visual Studio Solution File, Format Version 12.00
# Visual Studio 15
VisualStudioVersion = 15.0.27703.2042
MinimumVisualStudioVersion = 10.0.40219.1
Project("{FAE04EC0-301F-11D3-BF4B-00C04F79EFBC}") = "Lesson 11", "Lesson 11\Lesson 11.csproj", "{A70755B6-B2C5-45D3-996F-F3F3CCAD2917}"
EndProject
Global
	GlobalSection(SolutionConfigurationPlatforms) = preSolution
		Debug|Any CPU = Debug|Any CPU
		Release|Any CPU = Release|Any CPU
	EndGlobalSection
	GlobalSection(ProjectConfigurationPlatforms) = postSolution
		{A70755B6-B2C5-45D3-996F-F3F3CCAD2917}.Debug|Any CPU.ActiveCfg = Debug|Any CPU
		{A70755B6-B2C5-45D3-996F-F3F3CCAD2917}.Debug|Any CPU.Build.0 = Debug|Any CPU
		{A70755B6-B2C5-45D3-996F-F3F3CCAD2917}.Release|Any CPU.ActiveCfg = Release|Any CPU
		{A70755B6-B2C5-45D3-996F-F3F3CCAD2917}.Release|Any CPU.Build.0 = Release|Any CPU
	EndGlobalSection
	GlobalSection(SolutionProperties) = preSolution
		HideSolutionNode = FALSE
	EndGlobalSection
	GlobalSection(ExtensibilityGlobals) = postSolution
		SolutionGuid = {5CF07AE7-6182-4BF2-9FE4-8431621554E7}
	EndGlobalSection
EndGlobal
