
Microsoft Visual Studio Solution File, Format Version 12.00
# Visual Studio 15
VisualStudioVersion = 15.0.27703.2042
MinimumVisualStudioVersion = 10.0.40219.1
Project("{FAE04EC0-301F-11D3-BF4B-00C04F79EFBC}") = "Lesson 17", "Lesson 17\Lesson 17.csproj", "{C4FA7EB9-516B-48F9-9E2F-DD8B901C54E3}"
EndProject
Global
	GlobalSection(SolutionConfigurationPlatforms) = preSolution
		Debug|Any CPU = Debug|Any CPU
		Release|Any CPU = Release|Any CPU
	EndGlobalSection
	GlobalSection(ProjectConfigurationPlatforms) = postSolution
		{C4FA7EB9-516B-48F9-9E2F-DD8B901C54E3}.Debug|Any CPU.ActiveCfg = Debug|Any CPU
		{C4FA7EB9-516B-48F9-9E2F-DD8B901C54E3}.Debug|Any CPU.Build.0 = Debug|Any CPU
		{C4FA7EB9-516B-48F9-9E2F-DD8B901C54E3}.Release|Any CPU.ActiveCfg = Release|Any CPU
		{C4FA7EB9-516B-48F9-9E2F-DD8B901C54E3}.Release|Any CPU.Build.0 = Release|Any CPU
	EndGlobalSection
	GlobalSection(SolutionProperties) = preSolution
		HideSolutionNode = FALSE
	EndGlobalSection
	GlobalSection(ExtensibilityGlobals) = postSolution
		SolutionGuid = {88D8E755-B44A-4316-A465-CC064A4B96A1}
	EndGlobalSection
EndGlobal
