
Microsoft Visual Studio Solution File, Format Version 12.00
# Visual Studio 15
VisualStudioVersion = 15.0.27703.2042
MinimumVisualStudioVersion = 10.0.40219.1
Project("{FAE04EC0-301F-11D3-BF4B-00C04F79EFBC}") = "Lesson 15", "Lesson 15\Lesson 15.csproj", "{3CC56AD6-EE91-47A8-B8C2-ED029F08C763}"
EndProject
Global
	GlobalSection(SolutionConfigurationPlatforms) = preSolution
		Debug|Any CPU = Debug|Any CPU
		Release|Any CPU = Release|Any CPU
	EndGlobalSection
	GlobalSection(ProjectConfigurationPlatforms) = postSolution
		{3CC56AD6-EE91-47A8-B8C2-ED029F08C763}.Debug|Any CPU.ActiveCfg = Debug|Any CPU
		{3CC56AD6-EE91-47A8-B8C2-ED029F08C763}.Debug|Any CPU.Build.0 = Debug|Any CPU
		{3CC56AD6-EE91-47A8-B8C2-ED029F08C763}.Release|Any CPU.ActiveCfg = Release|Any CPU
		{3CC56AD6-EE91-47A8-B8C2-ED029F08C763}.Release|Any CPU.Build.0 = Release|Any CPU
	EndGlobalSection
	GlobalSection(SolutionProperties) = preSolution
		HideSolutionNode = FALSE
	EndGlobalSection
	GlobalSection(ExtensibilityGlobals) = postSolution
		SolutionGuid = {39AB49E4-A402-4E76-B454-91D05E6221AC}
	EndGlobalSection
EndGlobal
