
Microsoft Visual Studio Solution File, Format Version 12.00
# Visual Studio 15
VisualStudioVersion = 15.0.27703.2042
MinimumVisualStudioVersion = 10.0.40219.1
Project("{FAE04EC0-301F-11D3-BF4B-00C04F79EFBC}") = "lesson 16", "lesson 16\lesson 16.csproj", "{A4E709DB-6552-4C77-8E77-737038C48314}"
EndProject
Global
	GlobalSection(SolutionConfigurationPlatforms) = preSolution
		Debug|Any CPU = Debug|Any CPU
		Release|Any CPU = Release|Any CPU
	EndGlobalSection
	GlobalSection(ProjectConfigurationPlatforms) = postSolution
		{A4E709DB-6552-4C77-8E77-737038C48314}.Debug|Any CPU.ActiveCfg = Debug|Any CPU
		{A4E709DB-6552-4C77-8E77-737038C48314}.Debug|Any CPU.Build.0 = Debug|Any CPU
		{A4E709DB-6552-4C77-8E77-737038C48314}.Release|Any CPU.ActiveCfg = Release|Any CPU
		{A4E709DB-6552-4C77-8E77-737038C48314}.Release|Any CPU.Build.0 = Release|Any CPU
	EndGlobalSection
	GlobalSection(SolutionProperties) = preSolution
		HideSolutionNode = FALSE
	EndGlobalSection
	GlobalSection(ExtensibilityGlobals) = postSolution
		SolutionGuid = {339E534C-B91A-4AB8-AD90-DDB130BCE6FE}
	EndGlobalSection
EndGlobal
