
Microsoft Visual Studio Solution File, Format Version 12.00
# Visual Studio 15
VisualStudioVersion = 15.0.27703.2042
MinimumVisualStudioVersion = 10.0.40219.1
Project("{FAE04EC0-301F-11D3-BF4B-00C04F79EFBC}") = "lesson 12", "lesson 12\lesson 12.csproj", "{98F47F50-0E6C-484A-864A-A8EC7E9F9E88}"
EndProject
Global
	GlobalSection(SolutionConfigurationPlatforms) = preSolution
		Debug|Any CPU = Debug|Any CPU
		Release|Any CPU = Release|Any CPU
	EndGlobalSection
	GlobalSection(ProjectConfigurationPlatforms) = postSolution
		{98F47F50-0E6C-484A-864A-A8EC7E9F9E88}.Debug|Any CPU.ActiveCfg = Debug|Any CPU
		{98F47F50-0E6C-484A-864A-A8EC7E9F9E88}.Debug|Any CPU.Build.0 = Debug|Any CPU
		{98F47F50-0E6C-484A-864A-A8EC7E9F9E88}.Release|Any CPU.ActiveCfg = Release|Any CPU
		{98F47F50-0E6C-484A-864A-A8EC7E9F9E88}.Release|Any CPU.Build.0 = Release|Any CPU
	EndGlobalSection
	GlobalSection(SolutionProperties) = preSolution
		HideSolutionNode = FALSE
	EndGlobalSection
	GlobalSection(ExtensibilityGlobals) = postSolution
		SolutionGuid = {1C5F309F-0537-4BE3-8D90-C8556AA9F0EE}
	EndGlobalSection
EndGlobal
